
Microsoft Visual Studio Solution File, Format Version 12.00
# Visual Studio Version 17
VisualStudioVersion = 17.7.34024.191
MinimumVisualStudioVersion = 10.0.40219.1
Project("{9A19103F-16F7-4668-BE54-9A1E7A4F7556}") = "Genisis", "Genisis\Genisis.csproj", "{2ED40B46-1879-4675-9B41-6F6F953B424F}"
EndProject
Project("{9A19103F-16F7-4668-BE54-9A1E7A4F7556}") = "Business.Genisis.Data", "Business.Genisis.Data\Business.Genisis.Data.csproj", "{F5B51DA2-F936-469F-BF9A-ACA4BB53F2F8}"
EndProject
Project("{9A19103F-16F7-4668-BE54-9A1E7A4F7556}") = "Business.Genisis", "Business.Genisis\Business.Genisis.csproj", "{1602CFBA-5CA5-4968-989F-87BAC1886340}"
EndProject
Project("{9A19103F-16F7-4668-BE54-9A1E7A4F7556}") = "Business.Genisis.DataAccess", "Business.Genisis.DataAccess\Business.Genisis.DataAccess.csproj", "{14EAF58B-5A0B-4927-87A8-AC867C9D059B}"
EndProject
Project("{2150E333-8FDC-42A3-9474-1A3956D46DE8}") = "Business", "Business", "{10A59A49-F2AB-42A9-9360-09A2B461332B}"
EndProject
Project("{9A19103F-16F7-4668-BE54-9A1E7A4F7556}") = "Business.Genisis.EmailService", "Business.Genisis.EmailService\Business.Genisis.EmailService.csproj", "{E1968750-A231-4732-A7D4-FA7C566CE531}"
EndProject
Project("{FAE04EC0-301F-11D3-BF4B-00C04F79EFBC}") = "Business.Genisis.DummySchedular", "Business.Genisis.DummySchedular\Business.Genisis.DummySchedular.csproj", "{1CF894C1-9E8A-4940-A502-DC779576A69B}"
EndProject
Global
	GlobalSection(SolutionConfigurationPlatforms) = preSolution
		Debug|Any CPU = Debug|Any CPU
		Debug|ARM = Debug|ARM
		Debug|ARM64 = Debug|ARM64
		Debug|x64 = Debug|x64
		Debug|x86 = Debug|x86
		Release|Any CPU = Release|Any CPU
		Release|ARM = Release|ARM
		Release|ARM64 = Release|ARM64
		Release|x64 = Release|x64
		Release|x86 = Release|x86
	EndGlobalSection
	GlobalSection(ProjectConfigurationPlatforms) = postSolution
		{2ED40B46-1879-4675-9B41-6F6F953B424F}.Debug|Any CPU.ActiveCfg = Debug|Any CPU
		{2ED40B46-1879-4675-9B41-6F6F953B424F}.Debug|Any CPU.Build.0 = Debug|Any CPU
		{2ED40B46-1879-4675-9B41-6F6F953B424F}.Debug|ARM.ActiveCfg = Debug|Any CPU
		{2ED40B46-1879-4675-9B41-6F6F953B424F}.Debug|ARM.Build.0 = Debug|Any CPU
		{2ED40B46-1879-4675-9B41-6F6F953B424F}.Debug|ARM64.ActiveCfg = Debug|Any CPU
		{2ED40B46-1879-4675-9B41-6F6F953B424F}.Debug|ARM64.Build.0 = Debug|Any CPU
		{2ED40B46-1879-4675-9B41-6F6F953B424F}.Debug|x64.ActiveCfg = Debug|Any CPU
		{2ED40B46-1879-4675-9B41-6F6F953B424F}.Debug|x64.Build.0 = Debug|Any CPU
		{2ED40B46-1879-4675-9B41-6F6F953B424F}.Debug|x86.ActiveCfg = Debug|Any CPU
		{2ED40B46-1879-4675-9B41-6F6F953B424F}.Debug|x86.Build.0 = Debug|Any CPU
		{2ED40B46-1879-4675-9B41-6F6F953B424F}.Release|Any CPU.ActiveCfg = Release|Any CPU
		{2ED40B46-1879-4675-9B41-6F6F953B424F}.Release|Any CPU.Build.0 = Release|Any CPU
		{2ED40B46-1879-4675-9B41-6F6F953B424F}.Release|ARM.ActiveCfg = Release|Any CPU
		{2ED40B46-1879-4675-9B41-6F6F953B424F}.Release|ARM.Build.0 = Release|Any CPU
		{2ED40B46-1879-4675-9B41-6F6F953B424F}.Release|ARM64.ActiveCfg = Release|Any CPU
		{2ED40B46-1879-4675-9B41-6F6F953B424F}.Release|ARM64.Build.0 = Release|Any CPU
		{2ED40B46-1879-4675-9B41-6F6F953B424F}.Release|x64.ActiveCfg = Release|Any CPU
		{2ED40B46-1879-4675-9B41-6F6F953B424F}.Release|x64.Build.0 = Release|Any CPU
		{2ED40B46-1879-4675-9B41-6F6F953B424F}.Release|x86.ActiveCfg = Release|Any CPU
		{2ED40B46-1879-4675-9B41-6F6F953B424F}.Release|x86.Build.0 = Release|Any CPU
		{F5B51DA2-F936-469F-BF9A-ACA4BB53F2F8}.Debug|Any CPU.ActiveCfg = Debug|Any CPU
		{F5B51DA2-F936-469F-BF9A-ACA4BB53F2F8}.Debug|Any CPU.Build.0 = Debug|Any CPU
		{F5B51DA2-F936-469F-BF9A-ACA4BB53F2F8}.Debug|ARM.ActiveCfg = Debug|Any CPU
		{F5B51DA2-F936-469F-BF9A-ACA4BB53F2F8}.Debug|ARM.Build.0 = Debug|Any CPU
		{F5B51DA2-F936-469F-BF9A-ACA4BB53F2F8}.Debug|ARM64.ActiveCfg = Debug|Any CPU
		{F5B51DA2-F936-469F-BF9A-ACA4BB53F2F8}.Debug|ARM64.Build.0 = Debug|Any CPU
		{F5B51DA2-F936-469F-BF9A-ACA4BB53F2F8}.Debug|x64.ActiveCfg = Debug|Any CPU
		{F5B51DA2-F936-469F-BF9A-ACA4BB53F2F8}.Debug|x64.Build.0 = Debug|Any CPU
		{F5B51DA2-F936-469F-BF9A-ACA4BB53F2F8}.Debug|x86.ActiveCfg = Debug|Any CPU
		{F5B51DA2-F936-469F-BF9A-ACA4BB53F2F8}.Debug|x86.Build.0 = Debug|Any CPU
		{F5B51DA2-F936-469F-BF9A-ACA4BB53F2F8}.Release|Any CPU.ActiveCfg = Release|Any CPU
		{F5B51DA2-F936-469F-BF9A-ACA4BB53F2F8}.Release|Any CPU.Build.0 = Release|Any CPU
		{F5B51DA2-F936-469F-BF9A-ACA4BB53F2F8}.Release|ARM.ActiveCfg = Release|Any CPU
		{F5B51DA2-F936-469F-BF9A-ACA4BB53F2F8}.Release|ARM.Build.0 = Release|Any CPU
		{F5B51DA2-F936-469F-BF9A-ACA4BB53F2F8}.Release|ARM64.ActiveCfg = Release|Any CPU
		{F5B51DA2-F936-469F-BF9A-ACA4BB53F2F8}.Release|ARM64.Build.0 = Release|Any CPU
		{F5B51DA2-F936-469F-BF9A-ACA4BB53F2F8}.Release|x64.ActiveCfg = Release|Any CPU
		{F5B51DA2-F936-469F-BF9A-ACA4BB53F2F8}.Release|x64.Build.0 = Release|Any CPU
		{F5B51DA2-F936-469F-BF9A-ACA4BB53F2F8}.Release|x86.ActiveCfg = Release|Any CPU
		{F5B51DA2-F936-469F-BF9A-ACA4BB53F2F8}.Release|x86.Build.0 = Release|Any CPU
		{1602CFBA-5CA5-4968-989F-87BAC1886340}.Debug|Any CPU.ActiveCfg = Debug|Any CPU
		{1602CFBA-5CA5-4968-989F-87BAC1886340}.Debug|Any CPU.Build.0 = Debug|Any CPU
		{1602CFBA-5CA5-4968-989F-87BAC1886340}.Debug|ARM.ActiveCfg = Debug|Any CPU
		{1602CFBA-5CA5-4968-989F-87BAC1886340}.Debug|ARM.Build.0 = Debug|Any CPU
		{1602CFBA-5CA5-4968-989F-87BAC1886340}.Debug|ARM64.ActiveCfg = Debug|Any CPU
		{1602CFBA-5CA5-4968-989F-87BAC1886340}.Debug|ARM64.Build.0 = Debug|Any CPU
		{1602CFBA-5CA5-4968-989F-87BAC1886340}.Debug|x64.ActiveCfg = Debug|Any CPU
		{1602CFBA-5CA5-4968-989F-87BAC1886340}.Debug|x64.Build.0 = Debug|Any CPU
		{1602CFBA-5CA5-4968-989F-87BAC1886340}.Debug|x86.ActiveCfg = Debug|Any CPU
		{1602CFBA-5CA5-4968-989F-87BAC1886340}.Debug|x86.Build.0 = Debug|Any CPU
		{1602CFBA-5CA5-4968-989F-87BAC1886340}.Release|Any CPU.ActiveCfg = Release|Any CPU
		{1602CFBA-5CA5-4968-989F-87BAC1886340}.Release|Any CPU.Build.0 = Release|Any CPU
		{1602CFBA-5CA5-4968-989F-87BAC1886340}.Release|ARM.ActiveCfg = Release|Any CPU
		{1602CFBA-5CA5-4968-989F-87BAC1886340}.Release|ARM.Build.0 = Release|Any CPU
		{1602CFBA-5CA5-4968-989F-87BAC1886340}.Release|ARM64.ActiveCfg = Release|Any CPU
		{1602CFBA-5CA5-4968-989F-87BAC1886340}.Release|ARM64.Build.0 = Release|Any CPU
		{1602CFBA-5CA5-4968-989F-87BAC1886340}.Release|x64.ActiveCfg = Release|Any CPU
		{1602CFBA-5CA5-4968-989F-87BAC1886340}.Release|x64.Build.0 = Release|Any CPU
		{1602CFBA-5CA5-4968-989F-87BAC1886340}.Release|x86.ActiveCfg = Release|Any CPU
		{1602CFBA-5CA5-4968-989F-87BAC1886340}.Release|x86.Build.0 = Release|Any CPU
		{14EAF58B-5A0B-4927-87A8-AC867C9D059B}.Debug|Any CPU.ActiveCfg = Debug|Any CPU
		{14EAF58B-5A0B-4927-87A8-AC867C9D059B}.Debug|Any CPU.Build.0 = Debug|Any CPU
		{14EAF58B-5A0B-4927-87A8-AC867C9D059B}.Debug|ARM.ActiveCfg = Debug|Any CPU
		{14EAF58B-5A0B-4927-87A8-AC867C9D059B}.Debug|ARM.Build.0 = Debug|Any CPU
		{14EAF58B-5A0B-4927-87A8-AC867C9D059B}.Debug|ARM64.ActiveCfg = Debug|Any CPU
		{14EAF58B-5A0B-4927-87A8-AC867C9D059B}.Debug|ARM64.Build.0 = Debug|Any CPU
		{14EAF58B-5A0B-4927-87A8-AC867C9D059B}.Debug|x64.ActiveCfg = Debug|Any CPU
		{14EAF58B-5A0B-4927-87A8-AC867C9D059B}.Debug|x64.Build.0 = Debug|Any CPU
		{14EAF58B-5A0B-4927-87A8-AC867C9D059B}.Debug|x86.ActiveCfg = Debug|Any CPU
		{14EAF58B-5A0B-4927-87A8-AC867C9D059B}.Debug|x86.Build.0 = Debug|Any CPU
		{14EAF58B-5A0B-4927-87A8-AC867C9D059B}.Release|Any CPU.ActiveCfg = Release|Any CPU
		{14EAF58B-5A0B-4927-87A8-AC867C9D059B}.Release|Any CPU.Build.0 = Release|Any CPU
		{14EAF58B-5A0B-4927-87A8-AC867C9D059B}.Release|ARM.ActiveCfg = Release|Any CPU
		{14EAF58B-5A0B-4927-87A8-AC867C9D059B}.Release|ARM.Build.0 = Release|Any CPU
		{14EAF58B-5A0B-4927-87A8-AC867C9D059B}.Release|ARM64.ActiveCfg = Release|Any CPU
		{14EAF58B-5A0B-4927-87A8-AC867C9D059B}.Release|ARM64.Build.0 = Release|Any CPU
		{14EAF58B-5A0B-4927-87A8-AC867C9D059B}.Release|x64.ActiveCfg = Release|Any CPU
		{14EAF58B-5A0B-4927-87A8-AC867C9D059B}.Release|x64.Build.0 = Release|Any CPU
		{14EAF58B-5A0B-4927-87A8-AC867C9D059B}.Release|x86.ActiveCfg = Release|Any CPU
		{14EAF58B-5A0B-4927-87A8-AC867C9D059B}.Release|x86.Build.0 = Release|Any CPU
		{E1968750-A231-4732-A7D4-FA7C566CE531}.Debug|Any CPU.ActiveCfg = Debug|Any CPU
		{E1968750-A231-4732-A7D4-FA7C566CE531}.Debug|Any CPU.Build.0 = Debug|Any CPU
		{E1968750-A231-4732-A7D4-FA7C566CE531}.Debug|ARM.ActiveCfg = Debug|Any CPU
		{E1968750-A231-4732-A7D4-FA7C566CE531}.Debug|ARM.Build.0 = Debug|Any CPU
		{E1968750-A231-4732-A7D4-FA7C566CE531}.Debug|ARM64.ActiveCfg = Debug|Any CPU
		{E1968750-A231-4732-A7D4-FA7C566CE531}.Debug|ARM64.Build.0 = Debug|Any CPU
		{E1968750-A231-4732-A7D4-FA7C566CE531}.Debug|x64.ActiveCfg = Debug|Any CPU
		{E1968750-A231-4732-A7D4-FA7C566CE531}.Debug|x64.Build.0 = Debug|Any CPU
		{E1968750-A231-4732-A7D4-FA7C566CE531}.Debug|x86.ActiveCfg = Debug|Any CPU
		{E1968750-A231-4732-A7D4-FA7C566CE531}.Debug|x86.Build.0 = Debug|Any CPU
		{E1968750-A231-4732-A7D4-FA7C566CE531}.Release|Any CPU.ActiveCfg = Release|Any CPU
		{E1968750-A231-4732-A7D4-FA7C566CE531}.Release|Any CPU.Build.0 = Release|Any CPU
		{E1968750-A231-4732-A7D4-FA7C566CE531}.Release|ARM.ActiveCfg = Release|Any CPU
		{E1968750-A231-4732-A7D4-FA7C566CE531}.Release|ARM.Build.0 = Release|Any CPU
		{E1968750-A231-4732-A7D4-FA7C566CE531}.Release|ARM64.ActiveCfg = Release|Any CPU
		{E1968750-A231-4732-A7D4-FA7C566CE531}.Release|ARM64.Build.0 = Release|Any CPU
		{E1968750-A231-4732-A7D4-FA7C566CE531}.Release|x64.ActiveCfg = Release|Any CPU
		{E1968750-A231-4732-A7D4-FA7C566CE531}.Release|x64.Build.0 = Release|Any CPU
		{E1968750-A231-4732-A7D4-FA7C566CE531}.Release|x86.ActiveCfg = Release|Any CPU
		{E1968750-A231-4732-A7D4-FA7C566CE531}.Release|x86.Build.0 = Release|Any CPU
		{1CF894C1-9E8A-4940-A502-DC779576A69B}.Debug|Any CPU.ActiveCfg = Debug|Any CPU
		{1CF894C1-9E8A-4940-A502-DC779576A69B}.Debug|Any CPU.Build.0 = Debug|Any CPU
		{1CF894C1-9E8A-4940-A502-DC779576A69B}.Debug|ARM.ActiveCfg = Debug|Any CPU
		{1CF894C1-9E8A-4940-A502-DC779576A69B}.Debug|ARM.Build.0 = Debug|Any CPU
		{1CF894C1-9E8A-4940-A502-DC779576A69B}.Debug|ARM64.ActiveCfg = Debug|Any CPU
		{1CF894C1-9E8A-4940-A502-DC779576A69B}.Debug|ARM64.Build.0 = Debug|Any CPU
		{1CF894C1-9E8A-4940-A502-DC779576A69B}.Debug|x64.ActiveCfg = Debug|Any CPU
		{1CF894C1-9E8A-4940-A502-DC779576A69B}.Debug|x64.Build.0 = Debug|Any CPU
		{1CF894C1-9E8A-4940-A502-DC779576A69B}.Debug|x86.ActiveCfg = Debug|Any CPU
		{1CF894C1-9E8A-4940-A502-DC779576A69B}.Debug|x86.Build.0 = Debug|Any CPU
		{1CF894C1-9E8A-4940-A502-DC779576A69B}.Release|Any CPU.ActiveCfg = Release|Any CPU
		{1CF894C1-9E8A-4940-A502-DC779576A69B}.Release|Any CPU.Build.0 = Release|Any CPU
		{1CF894C1-9E8A-4940-A502-DC779576A69B}.Release|ARM.ActiveCfg = Release|Any CPU
		{1CF894C1-9E8A-4940-A502-DC779576A69B}.Release|ARM.Build.0 = Release|Any CPU
		{1CF894C1-9E8A-4940-A502-DC779576A69B}.Release|ARM64.ActiveCfg = Release|Any CPU
		{1CF894C1-9E8A-4940-A502-DC779576A69B}.Release|ARM64.Build.0 = Release|Any CPU
		{1CF894C1-9E8A-4940-A502-DC779576A69B}.Release|x64.ActiveCfg = Release|Any CPU
		{1CF894C1-9E8A-4940-A502-DC779576A69B}.Release|x64.Build.0 = Release|Any CPU
		{1CF894C1-9E8A-4940-A502-DC779576A69B}.Release|x86.ActiveCfg = Release|Any CPU
		{1CF894C1-9E8A-4940-A502-DC779576A69B}.Release|x86.Build.0 = Release|Any CPU
	EndGlobalSection
	GlobalSection(SolutionProperties) = preSolution
		HideSolutionNode = FALSE
	EndGlobalSection
	GlobalSection(NestedProjects) = preSolution
		{F5B51DA2-F936-469F-BF9A-ACA4BB53F2F8} = {10A59A49-F2AB-42A9-9360-09A2B461332B}
		{1602CFBA-5CA5-4968-989F-87BAC1886340} = {10A59A49-F2AB-42A9-9360-09A2B461332B}
		{14EAF58B-5A0B-4927-87A8-AC867C9D059B} = {10A59A49-F2AB-42A9-9360-09A2B461332B}
		{E1968750-A231-4732-A7D4-FA7C566CE531} = {10A59A49-F2AB-42A9-9360-09A2B461332B}
		{1CF894C1-9E8A-4940-A502-DC779576A69B} = {10A59A49-F2AB-42A9-9360-09A2B461332B}
	EndGlobalSection
	GlobalSection(ExtensibilityGlobals) = postSolution
		SolutionGuid = {2F0A19CD-2695-4B3A-AA9D-F4AE1A22C5AA}
	EndGlobalSection
EndGlobal
